// !$*UTF8*$!
{
	archiveVersion = 1;
	classes = {
	};
	objectVersion = 46;
	objects = {

/* Begin PBXFileReference section */
		181E053C1ABBF58200A830D7 /* map.c */ = {isa = PBXFileReference; lastKnownFileType = sourcecode.c.c; name = map.c; path = src/map.c; sourceTree = "<group>"; };
		181E053D1ABBF58200A830D7 /* map.h */ = {isa = PBXFileReference; lastKnownFileType = sourcecode.c.h; name = map.h; path = src/map.h; sourceTree = "<group>"; };
		181EDB091AB7B2C500D10BC5 /* Makefile */ = {isa = PBXFileReference; lastKnownFileType = sourcecode.make; path = Makefile; sourceTree = "<group>"; };
		181EDB0A1AB7B68F00D10BC5 /* cgame.c */ = {isa = PBXFileReference; lastKnownFileType = sourcecode.c.c; name = cgame.c; path = src/cgame.c; sourceTree = "<group>"; };
		181EDB0B1AB7B68F00D10BC5 /* mazeGameStructs.h */ = {isa = PBXFileReference; lastKnownFileType = sourcecode.c.h; name = mazeGameStructs.h; path = src/mazeGameStructs.h; sourceTree = "<group>"; };
		181EDB0C1AB7B68F00D10BC5 /* maze.c */ = {isa = PBXFileReference; lastKnownFileType = sourcecode.c.c; name = maze.c; path = src/maze.c; sourceTree = "<group>"; };
		181EDB0D1AB7B68F00D10BC5 /* maze.h */ = {isa = PBXFileReference; lastKnownFileType = sourcecode.c.h; name = maze.h; path = src/maze.h; sourceTree = "<group>"; };
		181EDB0E1AB7B68F00D10BC5 /* mazeGameStack.c */ = {isa = PBXFileReference; lastKnownFileType = sourcecode.c.c; name = mazeGameStack.c; path = src/mazeGameStack.c; sourceTree = "<group>"; };
		181EDB0F1AB7B68F00D10BC5 /* mazeGameStack.h */ = {isa = PBXFileReference; lastKnownFileType = sourcecode.c.h; name = mazeGameStack.h; path = src/mazeGameStack.h; sourceTree = "<group>"; };
		181EDB101AB7B68F00D10BC5 /* dbg.h */ = {isa = PBXFileReference; lastKnownFileType = sourcecode.c.h; name = dbg.h; path = src/dbg.h; sourceTree = "<group>"; };
/* End PBXFileReference section */

/* Begin PBXGroup section */
		181D0ABC1AB6AA4300C933ED = {
			isa = PBXGroup;
			children = (
				181E053C1ABBF58200A830D7 /* map.c */,
				181E053D1ABBF58200A830D7 /* map.h */,
				181EDB0A1AB7B68F00D10BC5 /* cgame.c */,
				181EDB0B1AB7B68F00D10BC5 /* mazeGameStructs.h */,
				181EDB0C1AB7B68F00D10BC5 /* maze.c */,
				181EDB0D1AB7B68F00D10BC5 /* maze.h */,
				181EDB0E1AB7B68F00D10BC5 /* mazeGameStack.c */,
				181EDB0F1AB7B68F00D10BC5 /* mazeGameStack.h */,
				181EDB101AB7B68F00D10BC5 /* dbg.h */,
				181EDB091AB7B2C500D10BC5 /* Makefile */,
			);
			sourceTree = "<group>";
		};
/* End PBXGroup section */

/* Begin PBXProject section */
		181D0ABD1AB6AA4300C933ED /* Project object */ = {
			isa = PBXProject;
			attributes = {
				LastUpgradeCheck = 0610;
			};
			buildConfigurationList = 181D0AC01AB6AA4300C933ED /* Build configuration list for PBXProject "cgame" */;
			compatibilityVersion = "Xcode 3.2";
			developmentRegion = English;
			hasScannedForEncodings = 0;
			knownRegions = (
				en,
			);
			mainGroup = 181D0ABC1AB6AA4300C933ED;
			projectDirPath = "";
			projectRoot = "";
			targets = (
			);
		};
/* End PBXProject section */

/* Begin XCBuildConfiguration section */
		181D0AC11AB6AA4300C933ED /* Debug */ = {
			isa = XCBuildConfiguration;
			buildSettings = {
			};
			name = Debug;
		};
		181D0AC21AB6AA4300C933ED /* Release */ = {
			isa = XCBuildConfiguration;
			buildSettings = {
			};
			name = Release;
		};
/* End XCBuildConfiguration section */

/* Begin XCConfigurationList section */
		181D0AC01AB6AA4300C933ED /* Build configuration list for PBXProject "cgame" */ = {
			isa = XCConfigurationList;
			buildConfigurations = (
				181D0AC11AB6AA4300C933ED /* Debug */,
				181D0AC21AB6AA4300C933ED /* Release */,
			);
			defaultConfigurationIsVisible = 0;
			defaultConfigurationName = Release;
		};
/* End XCConfigurationList section */
	};
	rootObject = 181D0ABD1AB6AA4300C933ED /* Project object */;
}
