// !$*UTF8*$!
{
	archiveVersion = 1;
	classes = {
	};
	objectVersion = 46;
	objects = {

/* Begin PBXGroup section */
		181D0ABC1AB6AA4300C933ED = {
			isa = PBXGroup;
			children = (
			);
			sourceTree = "<group>";
		};
/* End PBXGroup section */

/* Begin PBXProject section */
		181D0ABD1AB6AA4300C933ED /* Project object */ = {
			isa = PBXProject;
			attributes = {
				LastUpgradeCheck = 0610;
			};
			buildConfigurationList = 181D0AC01AB6AA4300C933ED /* Build configuration list for PBXProject "cgame" */;
			compatibilityVersion = "Xcode 3.2";
			developmentRegion = English;
			hasScannedForEncodings = 0;
			knownRegions = (
				en,
			);
			mainGroup = 181D0ABC1AB6AA4300C933ED;
			projectDirPath = "";
			projectRoot = "";
			targets = (
			);
		};
/* End PBXProject section */

/* Begin XCBuildConfiguration section */
		181D0AC11AB6AA4300C933ED /* Debug */ = {
			isa = XCBuildConfiguration;
			buildSettings = {
			};
			name = Debug;
		};
		181D0AC21AB6AA4300C933ED /* Release */ = {
			isa = XCBuildConfiguration;
			buildSettings = {
			};
			name = Release;
		};
/* End XCBuildConfiguration section */

/* Begin XCConfigurationList section */
		181D0AC01AB6AA4300C933ED /* Build configuration list for PBXProject "cgame" */ = {
			isa = XCConfigurationList;
			buildConfigurations = (
				181D0AC11AB6AA4300C933ED /* Debug */,
				181D0AC21AB6AA4300C933ED /* Release */,
			);
			defaultConfigurationIsVisible = 0;
			defaultConfigurationName = Release;
		};
/* End XCConfigurationList section */
	};
	rootObject = 181D0ABD1AB6AA4300C933ED /* Project object */;
}
